
Microsoft Visual Studio Solution File, Format Version 12.00
# Visual Studio 15
VisualStudioVersion = 15.0.27703.2035
MinimumVisualStudioVersion = 10.0.40219.1
Project("{FAE04EC0-301F-11D3-BF4B-00C04F79EFBC}") = "Yagasoft.Tools.ExportSolution", "Yagasoft.Tools.ExportSolution\Yagasoft.Tools.ExportSolution.csproj", "{EA108D7B-6CD3-4DF8-901A-803B00803339}"
EndProject
Global
	GlobalSection(SolutionConfigurationPlatforms) = preSolution
		Debug|Any CPU = Debug|Any CPU
		Release|Any CPU = Release|Any CPU
	EndGlobalSection
	GlobalSection(ProjectConfigurationPlatforms) = postSolution
		{EA108D7B-6CD3-4DF8-901A-803B00803339}.Debug|Any CPU.ActiveCfg = Debug|Any CPU
		{EA108D7B-6CD3-4DF8-901A-803B00803339}.Debug|Any CPU.Build.0 = Debug|Any CPU
		{EA108D7B-6CD3-4DF8-901A-803B00803339}.Release|Any CPU.ActiveCfg = Release|Any CPU
		{EA108D7B-6CD3-4DF8-901A-803B00803339}.Release|Any CPU.Build.0 = Release|Any CPU
	EndGlobalSection
	GlobalSection(SolutionProperties) = preSolution
		HideSolutionNode = FALSE
	EndGlobalSection
	GlobalSection(ExtensibilityGlobals) = postSolution
		SolutionGuid = {85B77BF2-78BA-411C-B9E9-721D31D88506}
	EndGlobalSection
EndGlobal
